
Microsoft Visual Studio Solution File, Format Version 12.00
# Visual Studio Version 18
VisualStudioVersion = 18.4.11626.88 stable
MinimumVisualStudioVersion = 10.0.40219.1
Project("{8BC9CEB8-8B4A-11D0-8D11-00A0C91BC942}") = "Lec04_Array_Class", "Lec04_Array_Class\Lec04_Array_Class.vcxproj", "{70C36752-AE30-49DF-9286-5CADC3770927}"
EndProject
Project("{8BC9CEB8-8B4A-11D0-8D11-00A0C91BC942}") = "Polynomial_Class", "Polynomial_Class\Polynomial_Class.vcxproj", "{FF9DE923-E1EC-4F90-BDA0-A0AC10CF3C6A}"
EndProject
Project("{8BC9CEB8-8B4A-11D0-8D11-00A0C91BC942}") = "Complex_Class", "Complex_Class\Complex_Class.vcxproj", "{E4803E82-425C-4667-B6A2-C825683EB96A}"
EndProject
Project("{8BC9CEB8-8B4A-11D0-8D11-00A0C91BC942}") = "Car_Class", "Car_Class\Car_Class.vcxproj", "{FCA55E94-906C-403C-90C8-15EDF578280A}"
EndProject
Global
	GlobalSection(SolutionConfigurationPlatforms) = preSolution
		Debug|x64 = Debug|x64
		Debug|x86 = Debug|x86
		Release|x64 = Release|x64
		Release|x86 = Release|x86
	EndGlobalSection
	GlobalSection(ProjectConfigurationPlatforms) = postSolution
		{70C36752-AE30-49DF-9286-5CADC3770927}.Debug|x64.ActiveCfg = Debug|x64
		{70C36752-AE30-49DF-9286-5CADC3770927}.Debug|x64.Build.0 = Debug|x64
		{70C36752-AE30-49DF-9286-5CADC3770927}.Debug|x86.ActiveCfg = Debug|Win32
		{70C36752-AE30-49DF-9286-5CADC3770927}.Debug|x86.Build.0 = Debug|Win32
		{70C36752-AE30-49DF-9286-5CADC3770927}.Release|x64.ActiveCfg = Release|x64
		{70C36752-AE30-49DF-9286-5CADC3770927}.Release|x64.Build.0 = Release|x64
		{70C36752-AE30-49DF-9286-5CADC3770927}.Release|x86.ActiveCfg = Release|Win32
		{70C36752-AE30-49DF-9286-5CADC3770927}.Release|x86.Build.0 = Release|Win32
		{FF9DE923-E1EC-4F90-BDA0-A0AC10CF3C6A}.Debug|x64.ActiveCfg = Debug|x64
		{FF9DE923-E1EC-4F90-BDA0-A0AC10CF3C6A}.Debug|x64.Build.0 = Debug|x64
		{FF9DE923-E1EC-4F90-BDA0-A0AC10CF3C6A}.Debug|x86.ActiveCfg = Debug|Win32
		{FF9DE923-E1EC-4F90-BDA0-A0AC10CF3C6A}.Debug|x86.Build.0 = Debug|Win32
		{FF9DE923-E1EC-4F90-BDA0-A0AC10CF3C6A}.Release|x64.ActiveCfg = Release|x64
		{FF9DE923-E1EC-4F90-BDA0-A0AC10CF3C6A}.Release|x64.Build.0 = Release|x64
		{FF9DE923-E1EC-4F90-BDA0-A0AC10CF3C6A}.Release|x86.ActiveCfg = Release|Win32
		{FF9DE923-E1EC-4F90-BDA0-A0AC10CF3C6A}.Release|x86.Build.0 = Release|Win32
		{E4803E82-425C-4667-B6A2-C825683EB96A}.Debug|x64.ActiveCfg = Debug|x64
		{E4803E82-425C-4667-B6A2-C825683EB96A}.Debug|x64.Build.0 = Debug|x64
		{E4803E82-425C-4667-B6A2-C825683EB96A}.Debug|x86.ActiveCfg = Debug|Win32
		{E4803E82-425C-4667-B6A2-C825683EB96A}.Debug|x86.Build.0 = Debug|Win32
		{E4803E82-425C-4667-B6A2-C825683EB96A}.Release|x64.ActiveCfg = Release|x64
		{E4803E82-425C-4667-B6A2-C825683EB96A}.Release|x64.Build.0 = Release|x64
		{E4803E82-425C-4667-B6A2-C825683EB96A}.Release|x86.ActiveCfg = Release|Win32
		{E4803E82-425C-4667-B6A2-C825683EB96A}.Release|x86.Build.0 = Release|Win32
		{FCA55E94-906C-403C-90C8-15EDF578280A}.Debug|x64.ActiveCfg = Debug|x64
		{FCA55E94-906C-403C-90C8-15EDF578280A}.Debug|x64.Build.0 = Debug|x64
		{FCA55E94-906C-403C-90C8-15EDF578280A}.Debug|x86.ActiveCfg = Debug|Win32
		{FCA55E94-906C-403C-90C8-15EDF578280A}.Debug|x86.Build.0 = Debug|Win32
		{FCA55E94-906C-403C-90C8-15EDF578280A}.Release|x64.ActiveCfg = Release|x64
		{FCA55E94-906C-403C-90C8-15EDF578280A}.Release|x64.Build.0 = Release|x64
		{FCA55E94-906C-403C-90C8-15EDF578280A}.Release|x86.ActiveCfg = Release|Win32
		{FCA55E94-906C-403C-90C8-15EDF578280A}.Release|x86.Build.0 = Release|Win32
	EndGlobalSection
	GlobalSection(SolutionProperties) = preSolution
		HideSolutionNode = FALSE
	EndGlobalSection
	GlobalSection(ExtensibilityGlobals) = postSolution
		SolutionGuid = {A8C8B2EB-0BD3-40B6-8F3E-74CA582D301C}
	EndGlobalSection
EndGlobal
